<?xml version="1.0" encoding="utf-8"?>
<Project ToolsVersion="4.0" xmlns="http://schemas.microsoft.com/developer/msbuild/2003">
  <ItemGroup>
    <Filter Include="Source Files">
      <UniqueIdentifier>{4FC737F1-C7A5-4376-A066-2A32D752A2FF}</UniqueIdentifier>
      <Extensions>cpp;c;cc;cxx;def;odl;idl;hpj;bat;asm;asmx</Extensions>
    </Filter>
    <Filter Include="Header Files">
      <UniqueIdentifier>{93995380-89BD-4b04-88EB-625FBE52EBFB}</UniqueIdentifier>
      <Extensions>h;hpp;hxx;hm;inl;inc;xsd</Extensions>
    </Filter>
    <Filter Include="Resource Files">
      <UniqueIdentifier>{67DA6AB6-F800-4c08-8B7A-83BB121AAD01}</UniqueIdentifier>
      <Extensions>rc;ico;cur;bmp;dlg;rc2;rct;bin;rgs;gif;jpg;jpeg;jpe;resx;tiff;tif;png;wav</Extensions>
    </Filter>
    <Filter Include="Header Files\Saliency">
      <UniqueIdentifier>{8faacd93-7375-4108-867e-3f6e0843d88f}</UniqueIdentifier>
    </Filter>
    <Filter Include="Source Files\Saliency">
      <UniqueIdentifier>{53b65e38-dfd6-42b1-800e-7c23466354e9}</UniqueIdentifier>
    </Filter>
  </ItemGroup>
  <ItemGroup>
    <ClInclude Include="targetver.h">
      <Filter>Header Files</Filter>
    </ClInclude>
    <ClInclude Include="stdafx.h">
      <Filter>Header Files</Filter>
    </ClInclude>
    <ClInclude Include="StereoImage.h">
      <Filter>Header Files</Filter>
    </ClInclude>
    <ClInclude Include="Helper.h">
      <Filter>Header Files</Filter>
    </ClInclude>
    <ClInclude Include="segment-image.h">
      <Filter>Header Files\Saliency</Filter>
    </ClInclude>
    <ClInclude Include="segment-graph.h">
      <Filter>Header Files\Saliency</Filter>
    </ClInclude>
    <ClInclude Include="SaliencyMath.h">
      <Filter>Header Files\Saliency</Filter>
    </ClInclude>
    <ClInclude Include="Saliency.h">
      <Filter>Header Files\Saliency</Filter>
    </ClInclude>
    <ClInclude Include="MotionDetector.h">
      <Filter>Header Files\Saliency</Filter>
    </ClInclude>
    <ClInclude Include="ImageSaliencyDetector.h">
      <Filter>Header Files\Saliency</Filter>
    </ClInclude>
    <ClInclude Include="ImageEditor.h">
      <Filter>Header Files\Saliency</Filter>
    </ClInclude>
    <ClInclude Include="DisparityMapBuilder.h">
      <Filter>Header Files\Saliency</Filter>
    </ClInclude>
    <ClInclude Include="disjoint-set.h">
      <Filter>Header Files\Saliency</Filter>
    </ClInclude>
    <ClInclude Include="FileManager.h">
      <Filter>Header Files</Filter>
    </ClInclude>
    <ClInclude Include="ImageWarper.h">
      <Filter>Header Files</Filter>
    </ClInclude>
    <ClInclude Include="QuadSaliencyManager.h">
      <Filter>Header Files</Filter>
    </ClInclude>
    <ClInclude Include="Solver.h">
      <Filter>Header Files</Filter>
    </ClInclude>
    <ClInclude Include="GradientGenerator.h">
      <Filter>Header Files</Filter>
    </ClInclude>
    <ClInclude Include="WarpingMath.h">
      <Filter>Header Files</Filter>
    </ClInclude>
    <ClInclude Include="MeshManager.h">
      <Filter>Header Files</Filter>
    </ClInclude>
  </ItemGroup>
  <ItemGroup>
    <ClCompile Include="stdafx.cpp">
      <Filter>Source Files</Filter>
    </ClCompile>
    <ClCompile Include="StereoImage.cpp">
      <Filter>Source Files</Filter>
    </ClCompile>
    <ClCompile Include="Main.cpp">
      <Filter>Source Files</Filter>
    </ClCompile>
    <ClCompile Include="Helper.cpp">
      <Filter>Source Files</Filter>
    </ClCompile>
    <ClCompile Include="DisparityMapBuilder.cpp">
      <Filter>Source Files\Saliency</Filter>
    </ClCompile>
    <ClCompile Include="ImageEditor.cpp">
      <Filter>Source Files\Saliency</Filter>
    </ClCompile>
    <ClCompile Include="ImageSaliencyDetector.cpp">
      <Filter>Source Files\Saliency</Filter>
    </ClCompile>
    <ClCompile Include="MotionDetector.cpp">
      <Filter>Source Files\Saliency</Filter>
    </ClCompile>
    <ClCompile Include="Saliency.cpp">
      <Filter>Source Files\Saliency</Filter>
    </ClCompile>
    <ClCompile Include="SaliencyMath.cpp">
      <Filter>Source Files\Saliency</Filter>
    </ClCompile>
    <ClCompile Include="segment-image.cpp">
      <Filter>Source Files\Saliency</Filter>
    </ClCompile>
    <ClCompile Include="FileManager.cpp">
      <Filter>Source Files</Filter>
    </ClCompile>
    <ClCompile Include="ImageWarper.cpp">
      <Filter>Source Files</Filter>
    </ClCompile>
    <ClCompile Include="QuadSaliencyManager.cpp">
      <Filter>Source Files</Filter>
    </ClCompile>
    <ClCompile Include="Solver.cpp">
      <Filter>Source Files</Filter>
    </ClCompile>
    <ClCompile Include="GradientGenerator.cpp">
      <Filter>Source Files</Filter>
    </ClCompile>
    <ClCompile Include="WarpingMath.cpp">
      <Filter>Source Files</Filter>
    </ClCompile>
    <ClCompile Include="MeshManager.cpp">
      <Filter>Source Files</Filter>
    </ClCompile>
  </ItemGroup>
</Project>